github.com/gorilla/mux v1.8.0 h1:i40aqfkR1h2SlN9hojwV5ZA91wcXFOvkdNIeFDP5koI=
github.com/gorilla/mux v1.8.0/go.mod h1:DVbg23sWSpFRCP0SfiEN6jmj59UnW/n46BH5rLB71So=
github.com/sirius1024/go-amqp-reconnect v1.0.0 h1:valMYZz+jORDqTavsxNJK0Rj740iOWB8qT/7UPfwLH4=
github.com/sirius1024/go-amqp-reconnect v1.0.0/go.mod h1:vZi20Vs1Kz4pzMWZJmJVL75X0uolD7LckSKWnek/aIk=
github.com/streadway/amqp v0.0.0-20190827072141-edfb9018d271 h1:WhxRHzgeVGETMlmVfqhRn8RIeeNoPr2Czh33I4Zdccw=
github.com/streadway/amqp v0.0.0-20190827072141-edfb9018d271/go.mod h1:AZpEONHx3DKn8O/DFsRAY58/XVQiIPMTMB1SddzLXVw=
